
Microsoft Visual Studio Solution File, Format Version 12.00
# Visual Studio Version 17
VisualStudioVersion = 17.6.33723.286
MinimumVisualStudioVersion = 10.0.40219.1
Project("{888888A0-9F3D-457C-B088-3A5042F75D52}") = "Alg3", "Alg3.pyproj", "{3C0BEDB3-DDA3-44D3-9FBB-CF6221655BE1}"
EndProject
Global
	GlobalSection(SolutionConfigurationPlatforms) = preSolution
		Debug|Any CPU = Debug|Any CPU
		Release|Any CPU = Release|Any CPU
	EndGlobalSection
	GlobalSection(ProjectConfigurationPlatforms) = postSolution
		{3C0BEDB3-DDA3-44D3-9FBB-CF6221655BE1}.Debug|Any CPU.ActiveCfg = Debug|Any CPU
		{3C0BEDB3-DDA3-44D3-9FBB-CF6221655BE1}.Release|Any CPU.ActiveCfg = Release|Any CPU
	EndGlobalSection
	GlobalSection(SolutionProperties) = preSolution
		HideSolutionNode = FALSE
	EndGlobalSection
	GlobalSection(ExtensibilityGlobals) = postSolution
		SolutionGuid = {BDB22E14-0265-4CE7-9F63-EF702B6CD240}
	EndGlobalSection
EndGlobal
